# This file is generated by running "yarn install" inside your project.
# Manual changes might be lost - proceed with caution!

__metadata:
  version: 4
  cacheKey: 8

"@types/node@npm:^14.17.9":
  version: 14.17.9
  resolution: "@types/node@npm:14.17.9"
  checksum: e59b92e4346ed0db61e042d439f9658d1d3e8ad1d14825b714804cafae8ce22220ff6c8d907c4e4c6384aac748de07283fa321ef13cb8bdeb460eb789d634244
  languageName: node
  linkType: hard

"linter_d@workspace:.":
  version: 0.0.0-use.local
  resolution: "linter_d@workspace:."
  dependencies:
    "@types/node": ^14.17.9
  peerDependencies:
    eslint: ^7.32.0
    prettier: ^2.3.2
    sort-package-json: ^1.50.0
  languageName: unknown
  linkType: soft
